
Microsoft Visual Studio Solution File, Format Version 12.00
# Visual Studio 2012
Project("{FAE04EC0-301F-11D3-BF4B-00C04F79EFBC}") = "QR_QX", "QR_QX\QR_QX.csproj", "{864D5606-DA63-40A7-B907-14E031E43850}"
EndProject
Global
	GlobalSection(SolutionConfigurationPlatforms) = preSolution
		Debug|Any CPU = Debug|Any CPU
		Release|Any CPU = Release|Any CPU
	EndGlobalSection
	GlobalSection(ProjectConfigurationPlatforms) = postSolution
		{864D5606-DA63-40A7-B907-14E031E43850}.Debug|Any CPU.ActiveCfg = Release|Any CPU
		{864D5606-DA63-40A7-B907-14E031E43850}.Debug|Any CPU.Build.0 = Release|Any CPU
		{864D5606-DA63-40A7-B907-14E031E43850}.Debug|Any CPU.Deploy.0 = Release|Any CPU
		{864D5606-DA63-40A7-B907-14E031E43850}.Release|Any CPU.ActiveCfg = Release|Any CPU
		{864D5606-DA63-40A7-B907-14E031E43850}.Release|Any CPU.Build.0 = Release|Any CPU
	EndGlobalSection
	GlobalSection(SolutionProperties) = preSolution
		HideSolutionNode = FALSE
	EndGlobalSection
EndGlobal
